
Microsoft Visual Studio Solution File, Format Version 12.00
# Visual Studio Version 17
VisualStudioVersion = 17.0.31903.59
MinimumVisualStudioVersion = 10.0.40219.1
Project("{FAE04EC0-301F-11D3-BF4B-00C04F79EFBC}") = "QuoteHuntScraper.Server", "QuoteHuntScraper.Server\QuoteHuntScraper.Server.csproj", "{0882C6E9-8840-1E0D-A6BB-00BE4A47C91D}"
EndProject
Project("{FAE04EC0-301F-11D3-BF4B-00C04F79EFBC}") = "QuoteHuntScraper.DTO", "QuoteHuntScraper.DTO\QuoteHuntScraper.DTO.csproj", "{0DCDE2C1-FC2B-F41B-9751-870539DDFA62}"
EndProject
Project("{FAE04EC0-301F-11D3-BF4B-00C04F79EFBC}") = "QuoteHuntScraper.Services", "QuoteHuntScraper.Services\QuoteHuntScraper.Services.csproj", "{6FB7217B-AE96-FEA2-3493-01DB27CFB6FA}"
EndProject
Global
	GlobalSection(SolutionConfigurationPlatforms) = preSolution
		Debug|Any CPU = Debug|Any CPU
		Release|Any CPU = Release|Any CPU
	EndGlobalSection
	GlobalSection(ProjectConfigurationPlatforms) = postSolution
		{0882C6E9-8840-1E0D-A6BB-00BE4A47C91D}.Debug|Any CPU.ActiveCfg = Debug|Any CPU
		{0882C6E9-8840-1E0D-A6BB-00BE4A47C91D}.Debug|Any CPU.Build.0 = Debug|Any CPU
		{0882C6E9-8840-1E0D-A6BB-00BE4A47C91D}.Release|Any CPU.ActiveCfg = Release|Any CPU
		{0882C6E9-8840-1E0D-A6BB-00BE4A47C91D}.Release|Any CPU.Build.0 = Release|Any CPU
		{0DCDE2C1-FC2B-F41B-9751-870539DDFA62}.Debug|Any CPU.ActiveCfg = Debug|Any CPU
		{0DCDE2C1-FC2B-F41B-9751-870539DDFA62}.Debug|Any CPU.Build.0 = Debug|Any CPU
		{0DCDE2C1-FC2B-F41B-9751-870539DDFA62}.Release|Any CPU.ActiveCfg = Release|Any CPU
		{0DCDE2C1-FC2B-F41B-9751-870539DDFA62}.Release|Any CPU.Build.0 = Release|Any CPU
		{6FB7217B-AE96-FEA2-3493-01DB27CFB6FA}.Debug|Any CPU.ActiveCfg = Debug|Any CPU
		{6FB7217B-AE96-FEA2-3493-01DB27CFB6FA}.Debug|Any CPU.Build.0 = Debug|Any CPU
		{6FB7217B-AE96-FEA2-3493-01DB27CFB6FA}.Release|Any CPU.ActiveCfg = Release|Any CPU
		{6FB7217B-AE96-FEA2-3493-01DB27CFB6FA}.Release|Any CPU.Build.0 = Release|Any CPU
	EndGlobalSection
	GlobalSection(SolutionProperties) = preSolution
		HideSolutionNode = FALSE
	EndGlobalSection
EndGlobal
