
Microsoft Visual Studio Solution File, Format Version 12.00
# Visual Studio Version 17
VisualStudioVersion = 17.14.36310.24 d17.14
MinimumVisualStudioVersion = 10.0.40219.1
Project("{FAE04EC0-301F-11D3-BF4B-00C04F79EFBC}") = "QuoteHuntWebAPI.Server", "QuoteHuntWebAPI.Server\QuoteHuntWebAPI.Server.csproj", "{F7F9FEA5-8A62-4B10-BFC7-B9A800E3214D}"
EndProject
Project("{FAE04EC0-301F-11D3-BF4B-00C04F79EFBC}") = "QuoteHuntWebAPI.Services", "QuoteHuntWebAPI.Services\QuoteHuntWebAPI.Services.csproj", "{FC13686F-EA56-4690-81E7-6084DED289D6}"
EndProject
Project("{FAE04EC0-301F-11D3-BF4B-00C04F79EFBC}") = "QuoteHuntWebAPI.DTO", "QuoteHuntWebAPI.DTO\QuoteHuntWebAPI.DTO.csproj", "{DB1A71CD-953A-4902-B1AA-A078D4848FAF}"
EndProject
Global
	GlobalSection(SolutionConfigurationPlatforms) = preSolution
		Debug|Any CPU = Debug|Any CPU
		Release|Any CPU = Release|Any CPU
	EndGlobalSection
	GlobalSection(ProjectConfigurationPlatforms) = postSolution
		{F7F9FEA5-8A62-4B10-BFC7-B9A800E3214D}.Debug|Any CPU.ActiveCfg = Debug|Any CPU
		{F7F9FEA5-8A62-4B10-BFC7-B9A800E3214D}.Debug|Any CPU.Build.0 = Debug|Any CPU
		{F7F9FEA5-8A62-4B10-BFC7-B9A800E3214D}.Release|Any CPU.ActiveCfg = Release|Any CPU
		{F7F9FEA5-8A62-4B10-BFC7-B9A800E3214D}.Release|Any CPU.Build.0 = Release|Any CPU
		{FC13686F-EA56-4690-81E7-6084DED289D6}.Debug|Any CPU.ActiveCfg = Debug|Any CPU
		{FC13686F-EA56-4690-81E7-6084DED289D6}.Debug|Any CPU.Build.0 = Debug|Any CPU
		{FC13686F-EA56-4690-81E7-6084DED289D6}.Release|Any CPU.ActiveCfg = Release|Any CPU
		{FC13686F-EA56-4690-81E7-6084DED289D6}.Release|Any CPU.Build.0 = Release|Any CPU
		{DB1A71CD-953A-4902-B1AA-A078D4848FAF}.Debug|Any CPU.ActiveCfg = Debug|Any CPU
		{DB1A71CD-953A-4902-B1AA-A078D4848FAF}.Debug|Any CPU.Build.0 = Debug|Any CPU
		{DB1A71CD-953A-4902-B1AA-A078D4848FAF}.Release|Any CPU.ActiveCfg = Release|Any CPU
		{DB1A71CD-953A-4902-B1AA-A078D4848FAF}.Release|Any CPU.Build.0 = Release|Any CPU
	EndGlobalSection
	GlobalSection(SolutionProperties) = preSolution
		HideSolutionNode = FALSE
	EndGlobalSection
	GlobalSection(ExtensibilityGlobals) = postSolution
		SolutionGuid = {31022E50-1695-4917-BA51-C3C075A28030}
	EndGlobalSection
EndGlobal
